{
  "name": "onscreen-keyboard-detector",
  "version": "1.0.0",
  "lockfileVersion": 1,
  "requires": true,
  "dependencies": {
    "@most/adapter": {
      "version": "1.0.0",
      "resolved": "https://registry.npmjs.org/@most/adapter/-/adapter-1.0.0.tgz",
      "integrity": "sha512-+ECkLCTgKqc+uFK7q/fp2elaZahNRS1Tjz0XAu5QOiMynxJt8qN8LR+fuSoRZdhzQ0/+4nWf44X/x2fWUKe8fQ==",
      "requires": {
        "@most/types": "^1.0.1"
      }
    },
    "@most/core": {
      "version": "1.5.0",
      "resolved": "https://registry.npmjs.org/@most/core/-/core-1.5.0.tgz",
      "integrity": "sha512-cI8KTkjaipRVQvf4vrwhqNtY7cTzF9YaI85TU6mHEgjRMeTSS9qgBv6z6wXUePgnbwf11uVgSERZ8PZRDPE2HA==",
      "requires": {
        "@most/disposable": "^1.2.2",
        "@most/prelude": "^1.7.3",
        "@most/scheduler": "^1.2.3",
        "@most/types": "^1.0.2"
      }
    },
    "@most/disposable": {
      "version": "1.2.2",
      "resolved": "https://registry.npmjs.org/@most/disposable/-/disposable-1.2.2.tgz",
      "integrity": "sha512-05u3obo0sDuh1PGw1BS6VEhgJTLkPMyGHOAvSJMSk2tArgBvhMvjayl8fU4DEKO7r+3aTg7F9Stnr1T61578yQ==",
      "requires": {
        "@most/prelude": "^1.7.3",
        "@most/types": "^1.0.2"
      }
    },
    "@most/dom-event": {
      "version": "2.2.0",
      "resolved": "https://registry.npmjs.org/@most/dom-event/-/dom-event-2.2.0.tgz",
      "integrity": "sha512-pEnXCyj7ZEymozyKX87k9r3rhEsG86nAGerYwZPcpbBNEvemQMtyTcxwRP2+UipTHRpTzukaWuOSx20yLRpKAQ==",
      "requires": {
        "@most/scheduler": "^0.13.0",
        "@most/types": "^0.11.1"
      },
      "dependencies": {
        "@most/scheduler": {
          "version": "0.13.1",
          "resolved": "https://registry.npmjs.org/@most/scheduler/-/scheduler-0.13.1.tgz",
          "integrity": "sha512-t14TLvEfUYPSLJQSLT/V5bQYxvKdLib8KFrz0hniOHZRoqyBgt6zhHKP1zywrEYQd9+sdhS5SZDnX9wAJ+xJxg==",
          "requires": {
            "@most/prelude": "^1.6.4",
            "@most/types": "^0.11.1"
          }
        },
        "@most/types": {
          "version": "0.11.1",
          "resolved": "https://registry.npmjs.org/@most/types/-/types-0.11.1.tgz",
          "integrity": "sha512-acP+xy7F4W50GAbpOmfdNgATPwCfMUSLmWEhUb4MHli9k0qAtN828LTVPgK3AsTBh/Fkx0TulbgW+H2t06BsKA=="
        }
      }
    },
    "@most/prelude": {
      "version": "1.7.3",
      "resolved": "https://registry.npmjs.org/@most/prelude/-/prelude-1.7.3.tgz",
      "integrity": "sha512-qWWEnA22UP1lzFfKx75XMut6DUUXGRKe7qv2k+Bgs7ju8lwb5RjsZYyQZ+VcsYvHcIavHKzseLlBMLOe2CvUZw=="
    },
    "@most/scheduler": {
      "version": "1.2.3",
      "resolved": "https://registry.npmjs.org/@most/scheduler/-/scheduler-1.2.3.tgz",
      "integrity": "sha512-OpykYNwUIe7/InAs0ftSIkQULJajM6ghmYDeJ0yv9xcLmi5NyAtOOyUdIxlfqi7xHWRiD2iQuuJXHGyqFsKCsw==",
      "requires": {
        "@most/prelude": "^1.7.3",
        "@most/types": "^1.0.2"
      }
    },
    "@most/types": {
      "version": "1.0.2",
      "resolved": "https://registry.npmjs.org/@most/types/-/types-1.0.2.tgz",
      "integrity": "sha512-ZVkDwaiuGVTXywADeJ3aUBsD41UURldIljlsSTMdiWfhVEOY7dsY8iq+9wFUjRZYjhnpn9tLiOHaqyjbxm1prg=="
    },
    "es-module-shims": {
      "version": "0.4.6",
      "resolved": "https://registry.npmjs.org/es-module-shims/-/es-module-shims-0.4.6.tgz",
      "integrity": "sha512-EzVhnLyA/zvmGrAy2RU8m9xpxX7u2yb2by1GZH80SHF6lakG21YAm3Vo56KsLIXaIjT9QabqjYpQU1S5FkM8+Q==",
      "dev": true
    },
    "ramda": {
      "version": "0.27.0",
      "resolved": "https://registry.npmjs.org/ramda/-/ramda-0.27.0.tgz",
      "integrity": "sha512-pVzZdDpWwWqEVVLshWUHjNwuVP7SfcmPraYuqocJp1yo2U1R7P+5QAfDhdItkuoGqIBnBYrtPp7rEPqDn9HlZA=="
    },
    "rollup-plugin-includepaths": {
      "version": "0.2.3",
      "resolved": "https://registry.npmjs.org/rollup-plugin-includepaths/-/rollup-plugin-includepaths-0.2.3.tgz",
      "integrity": "sha512-4QbSIZPDT+FL4SViEVCRi4cGCA64zQJu7u5qmCkO3ecHy+l9EQBsue15KfCpddfb6Br0q47V/v2+E2YUiqts9g==",
      "dev": true
    }
  }
}
